// !$*UTF8*$!
{
	archiveVersion = 1;
	classes = {
	};
	objectVersion = 46;
	objects = {

/* Begin PBXBuildFile section */
		9D4114021E891A510012455A /* AppDelegate.swift in Sources */ = {isa = PBXBuildFile; fileRef = 9D4114011E891A510012455A /* AppDelegate.swift */; };
		9D4114041E891A510012455A /* ViewController.swift in Sources */ = {isa = PBXBuildFile; fileRef = 9D4114031E891A510012455A /* ViewController.swift */; };
		9D4114071E891A510012455A /* Main.storyboard in Resources */ = {isa = PBXBuildFile; fileRef = 9D4114051E891A510012455A /* Main.storyboard */; };
		9D4114091E891A510012455A /* Assets.xcassets in Resources */ = {isa = PBXBuildFile; fileRef = 9D4114081E891A510012455A /* Assets.xcassets */; };
		9D41140C1E891A510012455A /* LaunchScreen.storyboard in Resources */ = {isa = PBXBuildFile; fileRef = 9D41140A1E891A510012455A /* LaunchScreen.storyboard */; };
		9DDEF6B51E89378F0069EA41 /* TodoItem.swift in Sources */ = {isa = PBXBuildFile; fileRef = 9DDEF6B41E89378F0069EA41 /* TodoItem.swift */; };
		E5665FE87C6FE45EB94F178F /* Pods_RealmDB.framework in Frameworks */ = {isa = PBXBuildFile; fileRef = D0907C44C673E1EF3FD44F5B /* Pods_RealmDB.framework */; };
/* End PBXBuildFile section */

/* Begin PBXFileReference section */
		70656943467FFAB371298115 /* Pods-RealmDB.debug.xcconfig */ = {isa = PBXFileReference; includeInIndex = 1; lastKnownFileType = text.xcconfig; name = "Pods-RealmDB.debug.xcconfig"; path = "Pods/Target Support Files/Pods-RealmDB/Pods-RealmDB.debug.xcconfig"; sourceTree = "<group>"; };
		9D4113FE1E891A510012455A /* RealmDB.app */ = {isa = PBXFileReference; explicitFileType = wrapper.application; includeInIndex = 0; path = RealmDB.app; sourceTree = BUILT_PRODUCTS_DIR; };
		9D4114011E891A510012455A /* AppDelegate.swift */ = {isa = PBXFileReference; lastKnownFileType = sourcecode.swift; path = AppDelegate.swift; sourceTree = "<group>"; };
		9D4114031E891A510012455A /* ViewController.swift */ = {isa = PBXFileReference; lastKnownFileType = sourcecode.swift; path = ViewController.swift; sourceTree = "<group>"; };
		9D4114061E891A510012455A /* Base */ = {isa = PBXFileReference; lastKnownFileType = file.storyboard; name = Base; path = Base.lproj/Main.storyboard; sourceTree = "<group>"; };
		9D4114081E891A510012455A /* Assets.xcassets */ = {isa = PBXFileReference; lastKnownFileType = folder.assetcatalog; path = Assets.xcassets; sourceTree = "<group>"; };
		9D41140B1E891A510012455A /* Base */ = {isa = PBXFileReference; lastKnownFileType = file.storyboard; name = Base; path = Base.lproj/LaunchScreen.storyboard; sourceTree = "<group>"; };
		9D41140D1E891A520012455A /* Info.plist */ = {isa = PBXFileReference; lastKnownFileType = text.plist.xml; path = Info.plist; sourceTree = "<group>"; };
		9DDEF6B41E89378F0069EA41 /* TodoItem.swift */ = {isa = PBXFileReference; fileEncoding = 4; lastKnownFileType = sourcecode.swift; path = TodoItem.swift; sourceTree = "<group>"; };
		ACB7A47EBD6EDEB05DC5CBF2 /* Pods-RealmDB.release.xcconfig */ = {isa = PBXFileReference; includeInIndex = 1; lastKnownFileType = text.xcconfig; name = "Pods-RealmDB.release.xcconfig"; path = "Pods/Target Support Files/Pods-RealmDB/Pods-RealmDB.release.xcconfig"; sourceTree = "<group>"; };
		D0907C44C673E1EF3FD44F5B /* Pods_RealmDB.framework */ = {isa = PBXFileReference; explicitFileType = wrapper.framework; includeInIndex = 0; path = Pods_RealmDB.framework; sourceTree = BUILT_PRODUCTS_DIR; };
/* End PBXFileReference section */

/* Begin PBXFrameworksBuildPhase section */
		9D4113FB1E891A500012455A /* Frameworks */ = {
			isa = PBXFrameworksBuildPhase;
			buildActionMask = 2147483647;
			files = (
				E5665FE87C6FE45EB94F178F /* Pods_RealmDB.framework in Frameworks */,
			);
			runOnlyForDeploymentPostprocessing = 0;
		};
/* End PBXFrameworksBuildPhase section */

/* Begin PBXGroup section */
		9D4113F51E891A500012455A = {
			isa = PBXGroup;
			children = (
				9D4114001E891A510012455A /* RealmDB */,
				9D4113FF1E891A510012455A /* Products */,
				E67EC24A94736B900A73F1EC /* Pods */,
				C62686507D182505245558C3 /* Frameworks */,
			);
			sourceTree = "<group>";
		};
		9D4113FF1E891A510012455A /* Products */ = {
			isa = PBXGroup;
			children = (
				9D4113FE1E891A510012455A /* RealmDB.app */,
			);
			name = Products;
			sourceTree = "<group>";
		};
		9D4114001E891A510012455A /* RealmDB */ = {
			isa = PBXGroup;
			children = (
				9DDEF6B01E89361E0069EA41 /* Models */,
				9DDEF6B11E8936270069EA41 /* Views */,
				9DDEF6B21E8936300069EA41 /* Controllers */,
				9DDEF6B31E8936540069EA41 /* Supporting Files */,
				9D4114081E891A510012455A /* Assets.xcassets */,
			);
			path = RealmDB;
			sourceTree = "<group>";
		};
		9DDEF6B01E89361E0069EA41 /* Models */ = {
			isa = PBXGroup;
			children = (
				9DDEF6B41E89378F0069EA41 /* TodoItem.swift */,
			);
			name = Models;
			sourceTree = "<group>";
		};
		9DDEF6B11E8936270069EA41 /* Views */ = {
			isa = PBXGroup;
			children = (
				9D4114051E891A510012455A /* Main.storyboard */,
				9D41140A1E891A510012455A /* LaunchScreen.storyboard */,
			);
			name = Views;
			sourceTree = "<group>";
		};
		9DDEF6B21E8936300069EA41 /* Controllers */ = {
			isa = PBXGroup;
			children = (
				9D4114031E891A510012455A /* ViewController.swift */,
			);
			name = Controllers;
			sourceTree = "<group>";
		};
		9DDEF6B31E8936540069EA41 /* Supporting Files */ = {
			isa = PBXGroup;
			children = (
				9D4114011E891A510012455A /* AppDelegate.swift */,
				9D41140D1E891A520012455A /* Info.plist */,
			);
			name = "Supporting Files";
			sourceTree = "<group>";
		};
		C62686507D182505245558C3 /* Frameworks */ = {
			isa = PBXGroup;
			children = (
				D0907C44C673E1EF3FD44F5B /* Pods_RealmDB.framework */,
			);
			name = Frameworks;
			sourceTree = "<group>";
		};
		E67EC24A94736B900A73F1EC /* Pods */ = {
			isa = PBXGroup;
			children = (
				70656943467FFAB371298115 /* Pods-RealmDB.debug.xcconfig */,
				ACB7A47EBD6EDEB05DC5CBF2 /* Pods-RealmDB.release.xcconfig */,
			);
			name = Pods;
			sourceTree = "<group>";
		};
/* End PBXGroup section */

/* Begin PBXNativeTarget section */
		9D4113FD1E891A500012455A /* RealmDB */ = {
			isa = PBXNativeTarget;
			buildConfigurationList = 9D4114101E891A520012455A /* Build configuration list for PBXNativeTarget "RealmDB" */;
			buildPhases = (
				9AB4D05DABC558700E64A717 /* [CP] Check Pods Manifest.lock */,
				9D4113FA1E891A500012455A /* Sources */,
				9D4113FB1E891A500012455A /* Frameworks */,
				9D4113FC1E891A500012455A /* Resources */,
				45A84494B7A04E73A31E36BA /* [CP] Embed Pods Frameworks */,
				99CC6974906E39BAE2C81805 /* [CP] Copy Pods Resources */,
			);
			buildRules = (
			);
			dependencies = (
			);
			name = RealmDB;
			productName = RealmDB;
			productReference = 9D4113FE1E891A510012455A /* RealmDB.app */;
			productType = "com.apple.product-type.application";
		};
/* End PBXNativeTarget section */

/* Begin PBXProject section */
		9D4113F61E891A500012455A /* Project object */ = {
			isa = PBXProject;
			attributes = {
				LastSwiftUpdateCheck = 0820;
				LastUpgradeCheck = 0820;
				ORGANIZATIONNAME = ByteOrbit;
				TargetAttributes = {
					9D4113FD1E891A500012455A = {
						CreatedOnToolsVersion = 8.2.1;
						DevelopmentTeam = B534EWRJTS;
						ProvisioningStyle = Automatic;
					};
				};
			};
			buildConfigurationList = 9D4113F91E891A500012455A /* Build configuration list for PBXProject "RealmDB" */;
			compatibilityVersion = "Xcode 3.2";
			developmentRegion = English;
			hasScannedForEncodings = 0;
			knownRegions = (
				en,
				Base,
			);
			mainGroup = 9D4113F51E891A500012455A;
			productRefGroup = 9D4113FF1E891A510012455A /* Products */;
			projectDirPath = "";
			projectRoot = "";
			targets = (
				9D4113FD1E891A500012455A /* RealmDB */,
			);
		};
/* End PBXProject section */

/* Begin PBXResourcesBuildPhase section */
		9D4113FC1E891A500012455A /* Resources */ = {
			isa = PBXResourcesBuildPhase;
			buildActionMask = 2147483647;
			files = (
				9D41140C1E891A510012455A /* LaunchScreen.storyboard in Resources */,
				9D4114091E891A510012455A /* Assets.xcassets in Resources */,
				9D4114071E891A510012455A /* Main.storyboard in Resources */,
			);
			runOnlyForDeploymentPostprocessing = 0;
		};
/* End PBXResourcesBuildPhase section */

/* Begin PBXShellScriptBuildPhase section */
		45A84494B7A04E73A31E36BA /* [CP] Embed Pods Frameworks */ = {
			isa = PBXShellScriptBuildPhase;
			buildActionMask = 2147483647;
			files = (
			);
			inputPaths = (
			);
			name = "[CP] Embed Pods Frameworks";
			outputPaths = (
			);
			runOnlyForDeploymentPostprocessing = 0;
			shellPath = /bin/sh;
			shellScript = "\"${SRCROOT}/Pods/Target Support Files/Pods-RealmDB/Pods-RealmDB-frameworks.sh\"\n";
			showEnvVarsInLog = 0;
		};
		99CC6974906E39BAE2C81805 /* [CP] Copy Pods Resources */ = {
			isa = PBXShellScriptBuildPhase;
			buildActionMask = 2147483647;
			files = (
			);
			inputPaths = (
			);
			name = "[CP] Copy Pods Resources";
			outputPaths = (
			);
			runOnlyForDeploymentPostprocessing = 0;
			shellPath = /bin/sh;
			shellScript = "\"${SRCROOT}/Pods/Target Support Files/Pods-RealmDB/Pods-RealmDB-resources.sh\"\n";
			showEnvVarsInLog = 0;
		};
		9AB4D05DABC558700E64A717 /* [CP] Check Pods Manifest.lock */ = {
			isa = PBXShellScriptBuildPhase;
			buildActionMask = 2147483647;
			files = (
			);
			inputPaths = (
			);
			name = "[CP] Check Pods Manifest.lock";
			outputPaths = (
			);
			runOnlyForDeploymentPostprocessing = 0;
			shellPath = /bin/sh;
			shellScript = "diff \"${PODS_ROOT}/../Podfile.lock\" \"${PODS_ROOT}/Manifest.lock\" > /dev/null\nif [ $? != 0 ] ; then\n    # print error to STDERR\n    echo \"error: The sandbox is not in sync with the Podfile.lock. Run 'pod install' or update your CocoaPods installation.\" >&2\n    exit 1\nfi\n";
			showEnvVarsInLog = 0;
		};
/* End PBXShellScriptBuildPhase section */

/* Begin PBXSourcesBuildPhase section */
		9D4113FA1E891A500012455A /* Sources */ = {
			isa = PBXSourcesBuildPhase;
			buildActionMask = 2147483647;
			files = (
				9D4114041E891A510012455A /* ViewController.swift in Sources */,
				9DDEF6B51E89378F0069EA41 /* TodoItem.swift in Sources */,
				9D4114021E891A510012455A /* AppDelegate.swift in Sources */,
			);
			runOnlyForDeploymentPostprocessing = 0;
		};
/* End PBXSourcesBuildPhase section */

/* Begin PBXVariantGroup section */
		9D4114051E891A510012455A /* Main.storyboard */ = {
			isa = PBXVariantGroup;
			children = (
				9D4114061E891A510012455A /* Base */,
			);
			name = Main.storyboard;
			sourceTree = "<group>";
		};
		9D41140A1E891A510012455A /* LaunchScreen.storyboard */ = {
			isa = PBXVariantGroup;
			children = (
				9D41140B1E891A510012455A /* Base */,
			);
			name = LaunchScreen.storyboard;
			sourceTree = "<group>";
		};
/* End PBXVariantGroup section */

/* Begin XCBuildConfiguration section */
		9D41140E1E891A520012455A /* Debug */ = {
			isa = XCBuildConfiguration;
			buildSettings = {
				ALWAYS_SEARCH_USER_PATHS = NO;
				CLANG_ANALYZER_NONNULL = YES;
				CLANG_CXX_LANGUAGE_STANDARD = "gnu++0x";
				CLANG_CXX_LIBRARY = "libc++";
				CLANG_ENABLE_MODULES = YES;
				CLANG_ENABLE_OBJC_ARC = YES;
				CLANG_WARN_BOOL_CONVERSION = YES;
				CLANG_WARN_CONSTANT_CONVERSION = YES;
				CLANG_WARN_DIRECT_OBJC_ISA_USAGE = YES_ERROR;
				CLANG_WARN_DOCUMENTATION_COMMENTS = YES;
				CLANG_WARN_EMPTY_BODY = YES;
				CLANG_WARN_ENUM_CONVERSION = YES;
				CLANG_WARN_INFINITE_RECURSION = YES;
				CLANG_WARN_INT_CONVERSION = YES;
				CLANG_WARN_OBJC_ROOT_CLASS = YES_ERROR;
				CLANG_WARN_SUSPICIOUS_MOVE = YES;
				CLANG_WARN_UNREACHABLE_CODE = YES;
				CLANG_WARN__DUPLICATE_METHOD_MATCH = YES;
				"CODE_SIGN_IDENTITY[sdk=iphoneos*]" = "iPhone Developer";
				COPY_PHASE_STRIP = NO;
				DEBUG_INFORMATION_FORMAT = dwarf;
				ENABLE_STRICT_OBJC_MSGSEND = YES;
				ENABLE_TESTABILITY = YES;
				GCC_C_LANGUAGE_STANDARD = gnu99;
				GCC_DYNAMIC_NO_PIC = NO;
				GCC_NO_COMMON_BLOCKS = YES;
				GCC_OPTIMIZATION_LEVEL = 0;
				GCC_PREPROCESSOR_DEFINITIONS = (
					"DEBUG=1",
					"$(inherited)",
				);
				GCC_WARN_64_TO_32_BIT_CONVERSION = YES;
				GCC_WARN_ABOUT_RETURN_TYPE = YES_ERROR;
				GCC_WARN_UNDECLARED_SELECTOR = YES;
				GCC_WARN_UNINITIALIZED_AUTOS = YES_AGGRESSIVE;
				GCC_WARN_UNUSED_FUNCTION = YES;
				GCC_WARN_UNUSED_VARIABLE = YES;
				IPHONEOS_DEPLOYMENT_TARGET = 10.2;
				MTL_ENABLE_DEBUG_INFO = YES;
				ONLY_ACTIVE_ARCH = YES;
				SDKROOT = iphoneos;
				SWIFT_ACTIVE_COMPILATION_CONDITIONS = DEBUG;
				SWIFT_OPTIMIZATION_LEVEL = "-Onone";
			};
			name = Debug;
		};
		9D41140F1E891A520012455A /* Release */ = {
			isa = XCBuildConfiguration;
			buildSettings = {
				ALWAYS_SEARCH_USER_PATHS = NO;
				CLANG_ANALYZER_NONNULL = YES;
				CLANG_CXX_LANGUAGE_STANDARD = "gnu++0x";
				CLANG_CXX_LIBRARY = "libc++";
				CLANG_ENABLE_MODULES = YES;
				CLANG_ENABLE_OBJC_ARC = YES;
				CLANG_WARN_BOOL_CONVERSION = YES;
				CLANG_WARN_CONSTANT_CONVERSION = YES;
				CLANG_WARN_DIRECT_OBJC_ISA_USAGE = YES_ERROR;
				CLANG_WARN_DOCUMENTATION_COMMENTS = YES;
				CLANG_WARN_EMPTY_BODY = YES;
				CLANG_WARN_ENUM_CONVERSION = YES;
				CLANG_WARN_INFINITE_RECURSION = YES;
				CLANG_WARN_INT_CONVERSION = YES;
				CLANG_WARN_OBJC_ROOT_CLASS = YES_ERROR;
				CLANG_WARN_SUSPICIOUS_MOVE = YES;
				CLANG_WARN_UNREACHABLE_CODE = YES;
				CLANG_WARN__DUPLICATE_METHOD_MATCH = YES;
				"CODE_SIGN_IDENTITY[sdk=iphoneos*]" = "iPhone Developer";
				COPY_PHASE_STRIP = NO;
				DEBUG_INFORMATION_FORMAT = "dwarf-with-dsym";
				ENABLE_NS_ASSERTIONS = NO;
				ENABLE_STRICT_OBJC_MSGSEND = YES;
				GCC_C_LANGUAGE_STANDARD = gnu99;
				GCC_NO_COMMON_BLOCKS = YES;
				GCC_WARN_64_TO_32_BIT_CONVERSION = YES;
				GCC_WARN_ABOUT_RETURN_TYPE = YES_ERROR;
				GCC_WARN_UNDECLARED_SELECTOR = YES;
				GCC_WARN_UNINITIALIZED_AUTOS = YES_AGGRESSIVE;
				GCC_WARN_UNUSED_FUNCTION = YES;
				GCC_WARN_UNUSED_VARIABLE = YES;
				IPHONEOS_DEPLOYMENT_TARGET = 10.2;
				MTL_ENABLE_DEBUG_INFO = NO;
				SDKROOT = iphoneos;
				SWIFT_OPTIMIZATION_LEVEL = "-Owholemodule";
				VALIDATE_PRODUCT = YES;
			};
			name = Release;
		};
		9D4114111E891A520012455A /* Debug */ = {
			isa = XCBuildConfiguration;
			baseConfigurationReference = 70656943467FFAB371298115 /* Pods-RealmDB.debug.xcconfig */;
			buildSettings = {
				ALWAYS_EMBED_SWIFT_STANDARD_LIBRARIES = YES;
				ASSETCATALOG_COMPILER_APPICON_NAME = AppIcon;
				DEVELOPMENT_TEAM = B534EWRJTS;
				INFOPLIST_FILE = RealmDB/Info.plist;
				LD_RUNPATH_SEARCH_PATHS = "$(inherited) @executable_path/Frameworks";
				PRODUCT_BUNDLE_IDENTIFIER = com.byteorbit.malcolm.RealmDB;
				PRODUCT_NAME = "$(TARGET_NAME)";
				SWIFT_VERSION = 3.0;
			};
			name = Debug;
		};
		9D4114121E891A520012455A /* Release */ = {
			isa = XCBuildConfiguration;
			baseConfigurationReference = ACB7A47EBD6EDEB05DC5CBF2 /* Pods-RealmDB.release.xcconfig */;
			buildSettings = {
				ALWAYS_EMBED_SWIFT_STANDARD_LIBRARIES = YES;
				ASSETCATALOG_COMPILER_APPICON_NAME = AppIcon;
				DEVELOPMENT_TEAM = B534EWRJTS;
				INFOPLIST_FILE = RealmDB/Info.plist;
				LD_RUNPATH_SEARCH_PATHS = "$(inherited) @executable_path/Frameworks";
				PRODUCT_BUNDLE_IDENTIFIER = com.byteorbit.malcolm.RealmDB;
				PRODUCT_NAME = "$(TARGET_NAME)";
				SWIFT_VERSION = 3.0;
			};
			name = Release;
		};
/* End XCBuildConfiguration section */

/* Begin XCConfigurationList section */
		9D4113F91E891A500012455A /* Build configuration list for PBXProject "RealmDB" */ = {
			isa = XCConfigurationList;
			buildConfigurations = (
				9D41140E1E891A520012455A /* Debug */,
				9D41140F1E891A520012455A /* Release */,
			);
			defaultConfigurationIsVisible = 0;
			defaultConfigurationName = Release;
		};
		9D4114101E891A520012455A /* Build configuration list for PBXNativeTarget "RealmDB" */ = {
			isa = XCConfigurationList;
			buildConfigurations = (
				9D4114111E891A520012455A /* Debug */,
				9D4114121E891A520012455A /* Release */,
			);
			defaultConfigurationIsVisible = 0;
			defaultConfigurationName = Release;
		};
/* End XCConfigurationList section */
	};
	rootObject = 9D4113F61E891A500012455A /* Project object */;
}
